
Microsoft Visual Studio Solution File, Format Version 12.00
# Visual Studio Version 17
VisualStudioVersion = 17.9.34714.143
MinimumVisualStudioVersion = 10.0.40219.1
Project("{2150E333-8FDC-42A3-9474-1A3956D46DE8}") = "Solution Items", "Solution Items", "{6116AE23-F8CE-4FFE-BB8F-8A1269765120}"
	ProjectSection(SolutionItems) = preProject
		..\..\README.md = ..\..\README.md
	EndProjectSection
EndProject
Project("{9A19103F-16F7-4668-BE54-9A1E7A4F7556}") = "Exercicio1", "Exercicio01\Exercicio1.csproj", "{88B2BA2B-B59C-4D5A-B027-6840E052F5BD}"
EndProject
Project("{9A19103F-16F7-4668-BE54-9A1E7A4F7556}") = "Exercicio2", "Exercicio2\Exercicio2.csproj", "{46E32C8C-DB7D-409D-9548-1A6E69F35641}"
EndProject
Project("{9A19103F-16F7-4668-BE54-9A1E7A4F7556}") = "Exercicio3", "Exercicio3\Exercicio3.csproj", "{94A5A1EA-521A-4E58-AE7D-AE329F307524}"
EndProject
Project("{9A19103F-16F7-4668-BE54-9A1E7A4F7556}") = "Exercicio4", "Exercicio4\Exercicio4.csproj", "{17F671F9-4452-4621-AD23-CD569D548887}"
EndProject
Project("{9A19103F-16F7-4668-BE54-9A1E7A4F7556}") = "Exercicio5", "Exercicio5\Exercicio5.csproj", "{D2E5AA41-99EB-43BD-A2F9-12FC5EF57427}"
EndProject
Project("{9A19103F-16F7-4668-BE54-9A1E7A4F7556}") = "Exercicio6", "Exercicio6\Exercicio6.csproj", "{C17A5B3B-D0EC-48BD-967D-52DA6DD7111E}"
EndProject
Project("{2150E333-8FDC-42A3-9474-1A3956D46DE8}") = "Entrada, Processamento e Sáida", "Entrada, Processamento e Sáida", "{33BA4F00-F9EC-4E2B-BDDB-AC1D2692114D}"
EndProject
Project("{2150E333-8FDC-42A3-9474-1A3956D46DE8}") = "Estrutura de Decisão", "Estrutura de Decisão", "{DBB36844-5F05-44D6-A51D-9A9B2AB00E40}"
EndProject
Project("{9A19103F-16F7-4668-BE54-9A1E7A4F7556}") = "ExercicioDec1", "ExercicioRep1\ExercicioDec1.csproj", "{D914578E-6F95-4ED0-A7CF-BAEF81FB4542}"
EndProject
Project("{9A19103F-16F7-4668-BE54-9A1E7A4F7556}") = "ExercicioDec2", "ExercicioRep2\ExercicioDec2.csproj", "{B622C811-9A60-4D4C-B25D-C1718602DA5B}"
EndProject
Project("{9A19103F-16F7-4668-BE54-9A1E7A4F7556}") = "ExercicioDec3", "ExercicioRep3\ExercicioDec3.csproj", "{36CD536C-A77A-4AD6-B2DB-CEB1021462B8}"
EndProject
Project("{9A19103F-16F7-4668-BE54-9A1E7A4F7556}") = "ExercicioDec4", "ExercicioRep4\ExercicioDec4.csproj", "{6DBBF7A8-0945-4F86-8948-531513B4C084}"
EndProject
Project("{9A19103F-16F7-4668-BE54-9A1E7A4F7556}") = "ExercicioDec5", "ExercicioRep5\ExercicioDec5.csproj", "{5A717375-D6D8-4648-841F-2D342F2C2F0C}"
EndProject
Project("{2150E333-8FDC-42A3-9474-1A3956D46DE8}") = "Estruturas de Repetição", "Estruturas de Repetição", "{C35CC8E7-0B55-411B-9A20-F860A282DDB6}"
EndProject
Project("{FAE04EC0-301F-11D3-BF4B-00C04F79EFBC}") = "ExercicioRep01", "ExercicioRep01\ExercicioRep01.csproj", "{C4E9AFBE-9D2C-4A27-8428-BE81357B1B1A}"
EndProject
Project("{FAE04EC0-301F-11D3-BF4B-00C04F79EFBC}") = "ExercicioRep02", "ExercicioRep02\ExercicioRep02.csproj", "{4E80217D-ABAA-44D7-A83D-F5E84D6C9C32}"
EndProject
Project("{FAE04EC0-301F-11D3-BF4B-00C04F79EFBC}") = "ExercicioRep03", "ExercicioRep03\ExercicioRep03.csproj", "{96C50892-EC27-42C2-A081-6D1ED1D7CECF}"
EndProject
Project("{FAE04EC0-301F-11D3-BF4B-00C04F79EFBC}") = "ExercicioRep04", "ExercicioRep04\ExercicioRep04.csproj", "{71C18836-1D47-45C4-9F14-AB29B5993DF8}"
EndProject
Project("{FAE04EC0-301F-11D3-BF4B-00C04F79EFBC}") = "ExercicioRep05", "ExercicioRep05\ExercicioRep05.csproj", "{47541790-4AB1-479D-AF00-804ECDA8B8DA}"
EndProject
Global
	GlobalSection(SolutionConfigurationPlatforms) = preSolution
		Debug|Any CPU = Debug|Any CPU
		Release|Any CPU = Release|Any CPU
	EndGlobalSection
	GlobalSection(ProjectConfigurationPlatforms) = postSolution
		{88B2BA2B-B59C-4D5A-B027-6840E052F5BD}.Debug|Any CPU.ActiveCfg = Debug|Any CPU
		{88B2BA2B-B59C-4D5A-B027-6840E052F5BD}.Debug|Any CPU.Build.0 = Debug|Any CPU
		{88B2BA2B-B59C-4D5A-B027-6840E052F5BD}.Release|Any CPU.ActiveCfg = Release|Any CPU
		{88B2BA2B-B59C-4D5A-B027-6840E052F5BD}.Release|Any CPU.Build.0 = Release|Any CPU
		{46E32C8C-DB7D-409D-9548-1A6E69F35641}.Debug|Any CPU.ActiveCfg = Debug|Any CPU
		{46E32C8C-DB7D-409D-9548-1A6E69F35641}.Debug|Any CPU.Build.0 = Debug|Any CPU
		{46E32C8C-DB7D-409D-9548-1A6E69F35641}.Release|Any CPU.ActiveCfg = Release|Any CPU
		{46E32C8C-DB7D-409D-9548-1A6E69F35641}.Release|Any CPU.Build.0 = Release|Any CPU
		{94A5A1EA-521A-4E58-AE7D-AE329F307524}.Debug|Any CPU.ActiveCfg = Debug|Any CPU
		{94A5A1EA-521A-4E58-AE7D-AE329F307524}.Debug|Any CPU.Build.0 = Debug|Any CPU
		{94A5A1EA-521A-4E58-AE7D-AE329F307524}.Release|Any CPU.ActiveCfg = Release|Any CPU
		{94A5A1EA-521A-4E58-AE7D-AE329F307524}.Release|Any CPU.Build.0 = Release|Any CPU
		{17F671F9-4452-4621-AD23-CD569D548887}.Debug|Any CPU.ActiveCfg = Debug|Any CPU
		{17F671F9-4452-4621-AD23-CD569D548887}.Debug|Any CPU.Build.0 = Debug|Any CPU
		{17F671F9-4452-4621-AD23-CD569D548887}.Release|Any CPU.ActiveCfg = Release|Any CPU
		{17F671F9-4452-4621-AD23-CD569D548887}.Release|Any CPU.Build.0 = Release|Any CPU
		{D2E5AA41-99EB-43BD-A2F9-12FC5EF57427}.Debug|Any CPU.ActiveCfg = Debug|Any CPU
		{D2E5AA41-99EB-43BD-A2F9-12FC5EF57427}.Debug|Any CPU.Build.0 = Debug|Any CPU
		{D2E5AA41-99EB-43BD-A2F9-12FC5EF57427}.Release|Any CPU.ActiveCfg = Release|Any CPU
		{D2E5AA41-99EB-43BD-A2F9-12FC5EF57427}.Release|Any CPU.Build.0 = Release|Any CPU
		{C17A5B3B-D0EC-48BD-967D-52DA6DD7111E}.Debug|Any CPU.ActiveCfg = Debug|Any CPU
		{C17A5B3B-D0EC-48BD-967D-52DA6DD7111E}.Debug|Any CPU.Build.0 = Debug|Any CPU
		{C17A5B3B-D0EC-48BD-967D-52DA6DD7111E}.Release|Any CPU.ActiveCfg = Release|Any CPU
		{C17A5B3B-D0EC-48BD-967D-52DA6DD7111E}.Release|Any CPU.Build.0 = Release|Any CPU
		{D914578E-6F95-4ED0-A7CF-BAEF81FB4542}.Debug|Any CPU.ActiveCfg = Debug|Any CPU
		{D914578E-6F95-4ED0-A7CF-BAEF81FB4542}.Debug|Any CPU.Build.0 = Debug|Any CPU
		{D914578E-6F95-4ED0-A7CF-BAEF81FB4542}.Release|Any CPU.ActiveCfg = Release|Any CPU
		{D914578E-6F95-4ED0-A7CF-BAEF81FB4542}.Release|Any CPU.Build.0 = Release|Any CPU
		{B622C811-9A60-4D4C-B25D-C1718602DA5B}.Debug|Any CPU.ActiveCfg = Debug|Any CPU
		{B622C811-9A60-4D4C-B25D-C1718602DA5B}.Debug|Any CPU.Build.0 = Debug|Any CPU
		{B622C811-9A60-4D4C-B25D-C1718602DA5B}.Release|Any CPU.ActiveCfg = Release|Any CPU
		{B622C811-9A60-4D4C-B25D-C1718602DA5B}.Release|Any CPU.Build.0 = Release|Any CPU
		{36CD536C-A77A-4AD6-B2DB-CEB1021462B8}.Debug|Any CPU.ActiveCfg = Debug|Any CPU
		{36CD536C-A77A-4AD6-B2DB-CEB1021462B8}.Debug|Any CPU.Build.0 = Debug|Any CPU
		{36CD536C-A77A-4AD6-B2DB-CEB1021462B8}.Release|Any CPU.ActiveCfg = Release|Any CPU
		{36CD536C-A77A-4AD6-B2DB-CEB1021462B8}.Release|Any CPU.Build.0 = Release|Any CPU
		{6DBBF7A8-0945-4F86-8948-531513B4C084}.Debug|Any CPU.ActiveCfg = Debug|Any CPU
		{6DBBF7A8-0945-4F86-8948-531513B4C084}.Debug|Any CPU.Build.0 = Debug|Any CPU
		{6DBBF7A8-0945-4F86-8948-531513B4C084}.Release|Any CPU.ActiveCfg = Release|Any CPU
		{6DBBF7A8-0945-4F86-8948-531513B4C084}.Release|Any CPU.Build.0 = Release|Any CPU
		{5A717375-D6D8-4648-841F-2D342F2C2F0C}.Debug|Any CPU.ActiveCfg = Debug|Any CPU
		{5A717375-D6D8-4648-841F-2D342F2C2F0C}.Debug|Any CPU.Build.0 = Debug|Any CPU
		{5A717375-D6D8-4648-841F-2D342F2C2F0C}.Release|Any CPU.ActiveCfg = Release|Any CPU
		{5A717375-D6D8-4648-841F-2D342F2C2F0C}.Release|Any CPU.Build.0 = Release|Any CPU
		{C4E9AFBE-9D2C-4A27-8428-BE81357B1B1A}.Debug|Any CPU.ActiveCfg = Debug|Any CPU
		{C4E9AFBE-9D2C-4A27-8428-BE81357B1B1A}.Debug|Any CPU.Build.0 = Debug|Any CPU
		{C4E9AFBE-9D2C-4A27-8428-BE81357B1B1A}.Release|Any CPU.ActiveCfg = Release|Any CPU
		{C4E9AFBE-9D2C-4A27-8428-BE81357B1B1A}.Release|Any CPU.Build.0 = Release|Any CPU
		{4E80217D-ABAA-44D7-A83D-F5E84D6C9C32}.Debug|Any CPU.ActiveCfg = Debug|Any CPU
		{4E80217D-ABAA-44D7-A83D-F5E84D6C9C32}.Debug|Any CPU.Build.0 = Debug|Any CPU
		{4E80217D-ABAA-44D7-A83D-F5E84D6C9C32}.Release|Any CPU.ActiveCfg = Release|Any CPU
		{4E80217D-ABAA-44D7-A83D-F5E84D6C9C32}.Release|Any CPU.Build.0 = Release|Any CPU
		{96C50892-EC27-42C2-A081-6D1ED1D7CECF}.Debug|Any CPU.ActiveCfg = Debug|Any CPU
		{96C50892-EC27-42C2-A081-6D1ED1D7CECF}.Debug|Any CPU.Build.0 = Debug|Any CPU
		{96C50892-EC27-42C2-A081-6D1ED1D7CECF}.Release|Any CPU.ActiveCfg = Release|Any CPU
		{96C50892-EC27-42C2-A081-6D1ED1D7CECF}.Release|Any CPU.Build.0 = Release|Any CPU
		{71C18836-1D47-45C4-9F14-AB29B5993DF8}.Debug|Any CPU.ActiveCfg = Debug|Any CPU
		{71C18836-1D47-45C4-9F14-AB29B5993DF8}.Debug|Any CPU.Build.0 = Debug|Any CPU
		{71C18836-1D47-45C4-9F14-AB29B5993DF8}.Release|Any CPU.ActiveCfg = Release|Any CPU
		{71C18836-1D47-45C4-9F14-AB29B5993DF8}.Release|Any CPU.Build.0 = Release|Any CPU
		{47541790-4AB1-479D-AF00-804ECDA8B8DA}.Debug|Any CPU.ActiveCfg = Debug|Any CPU
		{47541790-4AB1-479D-AF00-804ECDA8B8DA}.Debug|Any CPU.Build.0 = Debug|Any CPU
		{47541790-4AB1-479D-AF00-804ECDA8B8DA}.Release|Any CPU.ActiveCfg = Release|Any CPU
		{47541790-4AB1-479D-AF00-804ECDA8B8DA}.Release|Any CPU.Build.0 = Release|Any CPU
	EndGlobalSection
	GlobalSection(SolutionProperties) = preSolution
		HideSolutionNode = FALSE
	EndGlobalSection
	GlobalSection(NestedProjects) = preSolution
		{88B2BA2B-B59C-4D5A-B027-6840E052F5BD} = {33BA4F00-F9EC-4E2B-BDDB-AC1D2692114D}
		{46E32C8C-DB7D-409D-9548-1A6E69F35641} = {33BA4F00-F9EC-4E2B-BDDB-AC1D2692114D}
		{94A5A1EA-521A-4E58-AE7D-AE329F307524} = {33BA4F00-F9EC-4E2B-BDDB-AC1D2692114D}
		{17F671F9-4452-4621-AD23-CD569D548887} = {33BA4F00-F9EC-4E2B-BDDB-AC1D2692114D}
		{D2E5AA41-99EB-43BD-A2F9-12FC5EF57427} = {33BA4F00-F9EC-4E2B-BDDB-AC1D2692114D}
		{C17A5B3B-D0EC-48BD-967D-52DA6DD7111E} = {33BA4F00-F9EC-4E2B-BDDB-AC1D2692114D}
		{D914578E-6F95-4ED0-A7CF-BAEF81FB4542} = {DBB36844-5F05-44D6-A51D-9A9B2AB00E40}
		{B622C811-9A60-4D4C-B25D-C1718602DA5B} = {DBB36844-5F05-44D6-A51D-9A9B2AB00E40}
		{36CD536C-A77A-4AD6-B2DB-CEB1021462B8} = {DBB36844-5F05-44D6-A51D-9A9B2AB00E40}
		{6DBBF7A8-0945-4F86-8948-531513B4C084} = {DBB36844-5F05-44D6-A51D-9A9B2AB00E40}
		{5A717375-D6D8-4648-841F-2D342F2C2F0C} = {DBB36844-5F05-44D6-A51D-9A9B2AB00E40}
		{C4E9AFBE-9D2C-4A27-8428-BE81357B1B1A} = {C35CC8E7-0B55-411B-9A20-F860A282DDB6}
		{4E80217D-ABAA-44D7-A83D-F5E84D6C9C32} = {C35CC8E7-0B55-411B-9A20-F860A282DDB6}
		{96C50892-EC27-42C2-A081-6D1ED1D7CECF} = {C35CC8E7-0B55-411B-9A20-F860A282DDB6}
		{71C18836-1D47-45C4-9F14-AB29B5993DF8} = {C35CC8E7-0B55-411B-9A20-F860A282DDB6}
		{47541790-4AB1-479D-AF00-804ECDA8B8DA} = {C35CC8E7-0B55-411B-9A20-F860A282DDB6}
	EndGlobalSection
	GlobalSection(ExtensibilityGlobals) = postSolution
		SolutionGuid = {065D60E2-E288-49C6-9F6D-A845D255A6EA}
	EndGlobalSection
EndGlobal
